
Microsoft Visual Studio Solution File, Format Version 12.00
# Visual Studio Version 17
VisualStudioVersion = 17.10.34928.147
MinimumVisualStudioVersion = 10.0.40219.1
Project("{FAE04EC0-301F-11D3-BF4B-00C04F79EFBC}") = "TelegramBot", "TelegramBot\TelegramBot.csproj", "{3100B264-0F6E-4554-8CA4-CDBF6CC6F0F6}"
EndProject
Global
	GlobalSection(SolutionConfigurationPlatforms) = preSolution
		Debug|Any CPU = Debug|Any CPU
		Release|Any CPU = Release|Any CPU
	EndGlobalSection
	GlobalSection(ProjectConfigurationPlatforms) = postSolution
		{3100B264-0F6E-4554-8CA4-CDBF6CC6F0F6}.Debug|Any CPU.ActiveCfg = Debug|Any CPU
		{3100B264-0F6E-4554-8CA4-CDBF6CC6F0F6}.Debug|Any CPU.Build.0 = Debug|Any CPU
		{3100B264-0F6E-4554-8CA4-CDBF6CC6F0F6}.Release|Any CPU.ActiveCfg = Release|Any CPU
		{3100B264-0F6E-4554-8CA4-CDBF6CC6F0F6}.Release|Any CPU.Build.0 = Release|Any CPU
	EndGlobalSection
	GlobalSection(SolutionProperties) = preSolution
		HideSolutionNode = FALSE
	EndGlobalSection
	GlobalSection(ExtensibilityGlobals) = postSolution
		SolutionGuid = {DD605A60-32A0-43A7-A0D0-55003FEA8EC9}
	EndGlobalSection
EndGlobal
